
Microsoft Visual Studio Solution File, Format Version 12.00
# Visual Studio 15
VisualStudioVersion = 15.0.28307.329
MinimumVisualStudioVersion = 10.0.40219.1
Project("{F184B08F-C81C-45F6-A57F-5ABD9991F28F}") = "Time Keeper", "Time Keeper.vbproj", "{158C8B2C-9074-45C2-895C-423163A4400F}"
EndProject
Global
	GlobalSection(SolutionConfigurationPlatforms) = preSolution
		Debug|Any CPU = Debug|Any CPU
		Release|Any CPU = Release|Any CPU
	EndGlobalSection
	GlobalSection(ProjectConfigurationPlatforms) = postSolution
		{158C8B2C-9074-45C2-895C-423163A4400F}.Debug|Any CPU.ActiveCfg = Debug|Any CPU
		{158C8B2C-9074-45C2-895C-423163A4400F}.Debug|Any CPU.Build.0 = Debug|Any CPU
		{158C8B2C-9074-45C2-895C-423163A4400F}.Release|Any CPU.ActiveCfg = Release|Any CPU
		{158C8B2C-9074-45C2-895C-423163A4400F}.Release|Any CPU.Build.0 = Release|Any CPU
	EndGlobalSection
	GlobalSection(SolutionProperties) = preSolution
		HideSolutionNode = FALSE
	EndGlobalSection
	GlobalSection(ExtensibilityGlobals) = postSolution
		SolutionGuid = {589CE41F-5717-4907-8FAB-2B2750F14273}
	EndGlobalSection
EndGlobal
